
Microsoft Visual Studio Solution File, Format Version 12.00
# Visual Studio Version 16
VisualStudioVersion = 16.0.32106.194
MinimumVisualStudioVersion = 10.0.40219.1
Project("{8BC9CEB8-8B4A-11D0-8D11-00A0C91BC942}") = "Lession_1_Start", "Lession_1_Start\Lession_1_Start.vcxproj", "{DCC1F0A9-2629-4343-B2E1-5129EE4E6A1A}"
EndProject
Global
	GlobalSection(SolutionConfigurationPlatforms) = preSolution
		Debug|x64 = Debug|x64
		Debug|x86 = Debug|x86
		Release|x64 = Release|x64
		Release|x86 = Release|x86
	EndGlobalSection
	GlobalSection(ProjectConfigurationPlatforms) = postSolution
		{DCC1F0A9-2629-4343-B2E1-5129EE4E6A1A}.Debug|x64.ActiveCfg = Debug|x64
		{DCC1F0A9-2629-4343-B2E1-5129EE4E6A1A}.Debug|x64.Build.0 = Debug|x64
		{DCC1F0A9-2629-4343-B2E1-5129EE4E6A1A}.Debug|x86.ActiveCfg = Debug|Win32
		{DCC1F0A9-2629-4343-B2E1-5129EE4E6A1A}.Debug|x86.Build.0 = Debug|Win32
		{DCC1F0A9-2629-4343-B2E1-5129EE4E6A1A}.Release|x64.ActiveCfg = Release|x64
		{DCC1F0A9-2629-4343-B2E1-5129EE4E6A1A}.Release|x64.Build.0 = Release|x64
		{DCC1F0A9-2629-4343-B2E1-5129EE4E6A1A}.Release|x86.ActiveCfg = Release|Win32
		{DCC1F0A9-2629-4343-B2E1-5129EE4E6A1A}.Release|x86.Build.0 = Release|Win32
	EndGlobalSection
	GlobalSection(SolutionProperties) = preSolution
		HideSolutionNode = FALSE
	EndGlobalSection
	GlobalSection(ExtensibilityGlobals) = postSolution
		SolutionGuid = {5E5C9C2C-6A4B-40C9-BCA7-11C94C460365}
	EndGlobalSection
EndGlobal
